// !$*UTF8*$!
{
	archiveVersion = 1;
	classes = {
	};
	objectVersion = 77;
	objects = {

/* Begin PBXContainerItemProxy section */
		36657CA92DC67BC900E86A10 /* PBXContainerItemProxy */ = {
			isa = PBXContainerItemProxy;
			containerPortal = 36BBC35B2D934B9C0010C227 /* Project object */;
			proxyType = 1;
			remoteGlobalIDString = 36BBC3622D934B9C0010C227;
			remoteInfo = Calendar;
		};
		36657CB82DC67C4C00E86A10 /* PBXContainerItemProxy */ = {
			isa = PBXContainerItemProxy;
			containerPortal = 36BBC35B2D934B9C0010C227 /* Project object */;
			proxyType = 1;
			remoteGlobalIDString = 36BBC3622D934B9C0010C227;
			remoteInfo = Calendar;
		};
/* End PBXContainerItemProxy section */

/* Begin PBXFileReference section */
		36657CA52DC67BC900E86A10 /* CalendarTests.xctest */ = {isa = PBXFileReference; explicitFileType = wrapper.cfbundle; includeInIndex = 0; path = CalendarTests.xctest; sourceTree = BUILT_PRODUCTS_DIR; };
		36657CB22DC67C4B00E86A10 /* CalendarUITests.xctest */ = {isa = PBXFileReference; explicitFileType = wrapper.cfbundle; includeInIndex = 0; path = CalendarUITests.xctest; sourceTree = BUILT_PRODUCTS_DIR; };
		36657CF32DC6C0E200E86A10 /* Calendar.xctestplan */ = {isa = PBXFileReference; lastKnownFileType = text; path = Calendar.xctestplan; sourceTree = "<group>"; };
		36BBC3632D934B9C0010C227 /* Calendar.app */ = {isa = PBXFileReference; explicitFileType = wrapper.application; includeInIndex = 0; path = Calendar.app; sourceTree = BUILT_PRODUCTS_DIR; };
/* End PBXFileReference section */

/* Begin PBXFileSystemSynchronizedBuildFileExceptionSet section */
		36657CC12DC67C5600E86A10 /* Exceptions for "Tests" folder in "Calendar" target */ = {
			isa = PBXFileSystemSynchronizedBuildFileExceptionSet;
			membershipExceptions = (
				CalendarTests/CalendarTests.swift,
				CalendarTests/Model/DateFormattingTests.swift,
				CalendarTests/Model/EventItemTests.swift,
				CalendarTests/Model/RepeatFrequencyTests.swift,
				CalendarTests/Services/DayInfoServiceTests.swift,
				CalendarTests/Services/HolidayServiceTests.swift,
				CalendarTests/Services/NotificationManagerTests.swift,
				CalendarTests/Support/MockPersistenceController.swift,
				CalendarTests/Support/TestCoreData.swift,
				CalendarTests/ViewModel/EventViewModelTests.swift,
				CalendarUITests/CalendarUITests.swift,
				CalendarUITests/CalendarUITestsLaunchTests.swift,
			);
			target = 36BBC3622D934B9C0010C227 /* Calendar */;
		};
		36657CC22DC67C5600E86A10 /* Exceptions for "Tests" folder in "CalendarTests" target */ = {
			isa = PBXFileSystemSynchronizedBuildFileExceptionSet;
			membershipExceptions = (
				CalendarTests/CalendarTests.swift,
				CalendarTests/Model/DateFormattingTests.swift,
				CalendarTests/Model/EventItemTests.swift,
				CalendarTests/Model/RepeatFrequencyTests.swift,
				CalendarTests/Services/DayInfoServiceTests.swift,
				CalendarTests/Services/HolidayServiceTests.swift,
				CalendarTests/Services/NotificationManagerTests.swift,
				CalendarTests/Support/MockPersistenceController.swift,
				CalendarTests/Support/TestCoreData.swift,
				CalendarTests/ViewModel/EventViewModelTests.swift,
			);
			target = 36657CA42DC67BC900E86A10 /* CalendarTests */;
		};
		36657CC82DC67C5F00E86A10 /* Exceptions for "Tests" folder in "CalendarUITests" target */ = {
			isa = PBXFileSystemSynchronizedBuildFileExceptionSet;
			membershipExceptions = (
				CalendarUITests/CalendarUITests.swift,
				CalendarUITests/CalendarUITestsLaunchTests.swift,
			);
			target = 36657CB12DC67C4B00E86A10 /* CalendarUITests */;
		};
/* End PBXFileSystemSynchronizedBuildFileExceptionSet section */

/* Begin PBXFileSystemSynchronizedRootGroup section */
		36657CBD2DC67C5000E86A10 /* Tests */ = {
			isa = PBXFileSystemSynchronizedRootGroup;
			exceptions = (
				36657CC12DC67C5600E86A10 /* Exceptions for "Tests" folder in "Calendar" target */,
				36657CC22DC67C5600E86A10 /* Exceptions for "Tests" folder in "CalendarTests" target */,
				36657CC82DC67C5F00E86A10 /* Exceptions for "Tests" folder in "CalendarUITests" target */,
			);
			path = Tests;
			sourceTree = "<group>";
		};
		36BBC3652D934B9C0010C227 /* Calendar */ = {
			isa = PBXFileSystemSynchronizedRootGroup;
			path = Calendar;
			sourceTree = "<group>";
		};
/* End PBXFileSystemSynchronizedRootGroup section */

/* Begin PBXFrameworksBuildPhase section */
		36657CA22DC67BC900E86A10 /* Frameworks */ = {
			isa = PBXFrameworksBuildPhase;
			buildActionMask = 2147483647;
			files = (
			);
			runOnlyForDeploymentPostprocessing = 0;
		};
		36657CAF2DC67C4B00E86A10 /* Frameworks */ = {
			isa = PBXFrameworksBuildPhase;
			buildActionMask = 2147483647;
			files = (
			);
			runOnlyForDeploymentPostprocessing = 0;
		};
		36BBC3602D934B9C0010C227 /* Frameworks */ = {
			isa = PBXFrameworksBuildPhase;
			buildActionMask = 2147483647;
			files = (
			);
			runOnlyForDeploymentPostprocessing = 0;
		};
/* End PBXFrameworksBuildPhase section */

/* Begin PBXGroup section */
		36BBC35A2D934B9C0010C227 = {
			isa = PBXGroup;
			children = (
				36657CF32DC6C0E200E86A10 /* Calendar.xctestplan */,
				36BBC3652D934B9C0010C227 /* Calendar */,
				36BBC3642D934B9C0010C227 /* Products */,
				36657CBD2DC67C5000E86A10 /* Tests */,
			);
			sourceTree = "<group>";
		};
		36BBC3642D934B9C0010C227 /* Products */ = {
			isa = PBXGroup;
			children = (
				36BBC3632D934B9C0010C227 /* Calendar.app */,
				36657CA52DC67BC900E86A10 /* CalendarTests.xctest */,
				36657CB22DC67C4B00E86A10 /* CalendarUITests.xctest */,
			);
			name = Products;
			sourceTree = "<group>";
		};
/* End PBXGroup section */

/* Begin PBXNativeTarget section */
		36657CA42DC67BC900E86A10 /* CalendarTests */ = {
			isa = PBXNativeTarget;
			buildConfigurationList = 36657CAB2DC67BC900E86A10 /* Build configuration list for PBXNativeTarget "CalendarTests" */;
			buildPhases = (
				36657CA12DC67BC900E86A10 /* Sources */,
				36657CA22DC67BC900E86A10 /* Frameworks */,
				36657CA32DC67BC900E86A10 /* Resources */,
			);
			buildRules = (
			);
			dependencies = (
				36657CAA2DC67BC900E86A10 /* PBXTargetDependency */,
			);
			name = CalendarTests;
			packageProductDependencies = (
			);
			productName = CalendarTests;
			productReference = 36657CA52DC67BC900E86A10 /* CalendarTests.xctest */;
			productType = "com.apple.product-type.bundle.unit-test";
		};
		36657CB12DC67C4B00E86A10 /* CalendarUITests */ = {
			isa = PBXNativeTarget;
			buildConfigurationList = 36657CBA2DC67C4C00E86A10 /* Build configuration list for PBXNativeTarget "CalendarUITests" */;
			buildPhases = (
				36657CAE2DC67C4B00E86A10 /* Sources */,
				36657CAF2DC67C4B00E86A10 /* Frameworks */,
				36657CB02DC67C4B00E86A10 /* Resources */,
			);
			buildRules = (
			);
			dependencies = (
				36657CB92DC67C4C00E86A10 /* PBXTargetDependency */,
			);
			name = CalendarUITests;
			packageProductDependencies = (
			);
			productName = CalendarUITests;
			productReference = 36657CB22DC67C4B00E86A10 /* CalendarUITests.xctest */;
			productType = "com.apple.product-type.bundle.ui-testing";
		};
		36BBC3622D934B9C0010C227 /* Calendar */ = {
			isa = PBXNativeTarget;
			buildConfigurationList = 36BBC3762D934B9F0010C227 /* Build configuration list for PBXNativeTarget "Calendar" */;
			buildPhases = (
				36BBC35F2D934B9C0010C227 /* Sources */,
				36BBC3602D934B9C0010C227 /* Frameworks */,
				36BBC3612D934B9C0010C227 /* Resources */,
			);
			buildRules = (
			);
			dependencies = (
			);
			fileSystemSynchronizedGroups = (
				36657CBD2DC67C5000E86A10 /* Tests */,
				36BBC3652D934B9C0010C227 /* Calendar */,
			);
			name = Calendar;
			packageProductDependencies = (
			);
			productName = Calendar;
			productReference = 36BBC3632D934B9C0010C227 /* Calendar.app */;
			productType = "com.apple.product-type.application";
		};
/* End PBXNativeTarget section */

/* Begin PBXProject section */
		36BBC35B2D934B9C0010C227 /* Project object */ = {
			isa = PBXProject;
			attributes = {
				BuildIndependentTargetsInParallel = 1;
				LastSwiftUpdateCheck = 1620;
				LastUpgradeCheck = 1620;
				TargetAttributes = {
					36657CA42DC67BC900E86A10 = {
						CreatedOnToolsVersion = 16.2;
						TestTargetID = 36BBC3622D934B9C0010C227;
					};
					36657CB12DC67C4B00E86A10 = {
						CreatedOnToolsVersion = 16.2;
						TestTargetID = 36BBC3622D934B9C0010C227;
					};
					36BBC3622D934B9C0010C227 = {
						CreatedOnToolsVersion = 16.2;
					};
				};
			};
			buildConfigurationList = 36BBC35E2D934B9C0010C227 /* Build configuration list for PBXProject "Calendar" */;
			developmentRegion = en;
			hasScannedForEncodings = 0;
			knownRegions = (
				en,
				Base,
			);
			mainGroup = 36BBC35A2D934B9C0010C227;
			minimizedProjectReferenceProxies = 1;
			preferredProjectObjectVersion = 77;
			productRefGroup = 36BBC3642D934B9C0010C227 /* Products */;
			projectDirPath = "";
			projectRoot = "";
			targets = (
				36BBC3622D934B9C0010C227 /* Calendar */,
				36657CA42DC67BC900E86A10 /* CalendarTests */,
				36657CB12DC67C4B00E86A10 /* CalendarUITests */,
			);
		};
/* End PBXProject section */

/* Begin PBXResourcesBuildPhase section */
		36657CA32DC67BC900E86A10 /* Resources */ = {
			isa = PBXResourcesBuildPhase;
			buildActionMask = 2147483647;
			files = (
			);
			runOnlyForDeploymentPostprocessing = 0;
		};
		36657CB02DC67C4B00E86A10 /* Resources */ = {
			isa = PBXResourcesBuildPhase;
			buildActionMask = 2147483647;
			files = (
			);
			runOnlyForDeploymentPostprocessing = 0;
		};
		36BBC3612D934B9C0010C227 /* Resources */ = {
			isa = PBXResourcesBuildPhase;
			buildActionMask = 2147483647;
			files = (
			);
			runOnlyForDeploymentPostprocessing = 0;
		};
/* End PBXResourcesBuildPhase section */

/* Begin PBXSourcesBuildPhase section */
		36657CA12DC67BC900E86A10 /* Sources */ = {
			isa = PBXSourcesBuildPhase;
			buildActionMask = 2147483647;
			files = (
			);
			runOnlyForDeploymentPostprocessing = 0;
		};
		36657CAE2DC67C4B00E86A10 /* Sources */ = {
			isa = PBXSourcesBuildPhase;
			buildActionMask = 2147483647;
			files = (
			);
			runOnlyForDeploymentPostprocessing = 0;
		};
		36BBC35F2D934B9C0010C227 /* Sources */ = {
			isa = PBXSourcesBuildPhase;
			buildActionMask = 2147483647;
			files = (
			);
			runOnlyForDeploymentPostprocessing = 0;
		};
/* End PBXSourcesBuildPhase section */

/* Begin PBXTargetDependency section */
		36657CAA2DC67BC900E86A10 /* PBXTargetDependency */ = {
			isa = PBXTargetDependency;
			target = 36BBC3622D934B9C0010C227 /* Calendar */;
			targetProxy = 36657CA92DC67BC900E86A10 /* PBXContainerItemProxy */;
		};
		36657CB92DC67C4C00E86A10 /* PBXTargetDependency */ = {
			isa = PBXTargetDependency;
			target = 36BBC3622D934B9C0010C227 /* Calendar */;
			targetProxy = 36657CB82DC67C4C00E86A10 /* PBXContainerItemProxy */;
		};
/* End PBXTargetDependency section */

/* Begin XCBuildConfiguration section */
		36657CAC2DC67BC900E86A10 /* Debug */ = {
			isa = XCBuildConfiguration;
			buildSettings = {
				BUNDLE_LOADER = "$(TEST_HOST)";
				CODE_SIGN_STYLE = Automatic;
				CURRENT_PROJECT_VERSION = 1;
				GENERATE_INFOPLIST_FILE = YES;
				MARKETING_VERSION = 1.0;
				PRODUCT_BUNDLE_IDENTIFIER = dtu.jakj.CalendarTests;
				PRODUCT_NAME = "$(TARGET_NAME)";
				SWIFT_EMIT_LOC_STRINGS = NO;
				SWIFT_VERSION = 5.0;
				TARGETED_DEVICE_FAMILY = "1,2";
				TEST_HOST = "$(BUILT_PRODUCTS_DIR)/Calendar.app/$(BUNDLE_EXECUTABLE_FOLDER_PATH)/Calendar";
			};
			name = Debug;
		};
		36657CAD2DC67BC900E86A10 /* Release */ = {
			isa = XCBuildConfiguration;
			buildSettings = {
				BUNDLE_LOADER = "$(TEST_HOST)";
				CODE_SIGN_STYLE = Automatic;
				CURRENT_PROJECT_VERSION = 1;
				GENERATE_INFOPLIST_FILE = YES;
				MARKETING_VERSION = 1.0;
				PRODUCT_BUNDLE_IDENTIFIER = dtu.jakj.CalendarTests;
				PRODUCT_NAME = "$(TARGET_NAME)";
				SWIFT_EMIT_LOC_STRINGS = NO;
				SWIFT_VERSION = 5.0;
				TARGETED_DEVICE_FAMILY = "1,2";
				TEST_HOST = "$(BUILT_PRODUCTS_DIR)/Calendar.app/$(BUNDLE_EXECUTABLE_FOLDER_PATH)/Calendar";
			};
			name = Release;
		};
		36657CBB2DC67C4C00E86A10 /* Debug */ = {
			isa = XCBuildConfiguration;
			buildSettings = {
				CODE_SIGN_STYLE = Automatic;
				CURRENT_PROJECT_VERSION = 1;
				GENERATE_INFOPLIST_FILE = YES;
				MARKETING_VERSION = 1.0;
				PRODUCT_BUNDLE_IDENTIFIER = dtu.jakj.CalendarUITests;
				PRODUCT_NAME = "$(TARGET_NAME)";
				SWIFT_EMIT_LOC_STRINGS = NO;
				SWIFT_VERSION = 5.0;
				TARGETED_DEVICE_FAMILY = "1,2";
				TEST_TARGET_NAME = Calendar;
			};
			name = Debug;
		};
		36657CBC2DC67C4C00E86A10 /* Release */ = {
			isa = XCBuildConfiguration;
			buildSettings = {
				CODE_SIGN_STYLE = Automatic;
				CURRENT_PROJECT_VERSION = 1;
				GENERATE_INFOPLIST_FILE = YES;
				MARKETING_VERSION = 1.0;
				PRODUCT_BUNDLE_IDENTIFIER = dtu.jakj.CalendarUITests;
				PRODUCT_NAME = "$(TARGET_NAME)";
				SWIFT_EMIT_LOC_STRINGS = NO;
				SWIFT_VERSION = 5.0;
				TARGETED_DEVICE_FAMILY = "1,2";
				TEST_TARGET_NAME = Calendar;
			};
			name = Release;
		};
		36BBC3742D934B9F0010C227 /* Debug */ = {
			isa = XCBuildConfiguration;
			buildSettings = {
				ALWAYS_SEARCH_USER_PATHS = NO;
				ASSETCATALOG_COMPILER_GENERATE_SWIFT_ASSET_SYMBOL_EXTENSIONS = YES;
				CLANG_ANALYZER_NONNULL = YES;
				CLANG_ANALYZER_NUMBER_OBJECT_CONVERSION = YES_AGGRESSIVE;
				CLANG_CXX_LANGUAGE_STANDARD = "gnu++20";
				CLANG_ENABLE_MODULES = YES;
				CLANG_ENABLE_OBJC_ARC = YES;
				CLANG_ENABLE_OBJC_WEAK = YES;
				CLANG_WARN_BLOCK_CAPTURE_AUTORELEASING = YES;
				CLANG_WARN_BOOL_CONVERSION = YES;
				CLANG_WARN_COMMA = YES;
				CLANG_WARN_CONSTANT_CONVERSION = YES;
				CLANG_WARN_DEPRECATED_OBJC_IMPLEMENTATIONS = YES;
				CLANG_WARN_DIRECT_OBJC_ISA_USAGE = YES_ERROR;
				CLANG_WARN_DOCUMENTATION_COMMENTS = YES;
				CLANG_WARN_EMPTY_BODY = YES;
				CLANG_WARN_ENUM_CONVERSION = YES;
				CLANG_WARN_INFINITE_RECURSION = YES;
				CLANG_WARN_INT_CONVERSION = YES;
				CLANG_WARN_NON_LITERAL_NULL_CONVERSION = YES;
				CLANG_WARN_OBJC_IMPLICIT_RETAIN_SELF = YES;
				CLANG_WARN_OBJC_LITERAL_CONVERSION = YES;
				CLANG_WARN_OBJC_ROOT_CLASS = YES_ERROR;
				CLANG_WARN_QUOTED_INCLUDE_IN_FRAMEWORK_HEADER = YES;
				CLANG_WARN_RANGE_LOOP_ANALYSIS = YES;
				CLANG_WARN_STRICT_PROTOTYPES = YES;
				CLANG_WARN_SUSPICIOUS_MOVE = YES;
				CLANG_WARN_UNGUARDED_AVAILABILITY = YES_AGGRESSIVE;
				CLANG_WARN_UNREACHABLE_CODE = YES;
				CLANG_WARN__DUPLICATE_METHOD_MATCH = YES;
				COPY_PHASE_STRIP = NO;
				DEBUG_INFORMATION_FORMAT = dwarf;
				ENABLE_STRICT_OBJC_MSGSEND = YES;
				ENABLE_TESTABILITY = YES;
				ENABLE_USER_SCRIPT_SANDBOXING = YES;
				GCC_C_LANGUAGE_STANDARD = gnu17;
				GCC_DYNAMIC_NO_PIC = NO;
				GCC_NO_COMMON_BLOCKS = YES;
				GCC_OPTIMIZATION_LEVEL = 0;
				GCC_PREPROCESSOR_DEFINITIONS = (
					"DEBUG=1",
					"$(inherited)",
				);
				GCC_WARN_64_TO_32_BIT_CONVERSION = YES;
				GCC_WARN_ABOUT_RETURN_TYPE = YES_ERROR;
				GCC_WARN_UNDECLARED_SELECTOR = YES;
				GCC_WARN_UNINITIALIZED_AUTOS = YES_AGGRESSIVE;
				GCC_WARN_UNUSED_FUNCTION = YES;
				GCC_WARN_UNUSED_VARIABLE = YES;
				IPHONEOS_DEPLOYMENT_TARGET = 18.2;
				LOCALIZATION_PREFERS_STRING_CATALOGS = YES;
				MTL_ENABLE_DEBUG_INFO = INCLUDE_SOURCE;
				MTL_FAST_MATH = YES;
				ONLY_ACTIVE_ARCH = YES;
				SDKROOT = iphoneos;
				SWIFT_ACTIVE_COMPILATION_CONDITIONS = "DEBUG $(inherited)";
				SWIFT_OPTIMIZATION_LEVEL = "-Onone";
			};
			name = Debug;
		};
		36BBC3752D934B9F0010C227 /* Release */ = {
			isa = XCBuildConfiguration;
			buildSettings = {
				ALWAYS_SEARCH_USER_PATHS = NO;
				ASSETCATALOG_COMPILER_GENERATE_SWIFT_ASSET_SYMBOL_EXTENSIONS = YES;
				CLANG_ANALYZER_NONNULL = YES;
				CLANG_ANALYZER_NUMBER_OBJECT_CONVERSION = YES_AGGRESSIVE;
				CLANG_CXX_LANGUAGE_STANDARD = "gnu++20";
				CLANG_ENABLE_MODULES = YES;
				CLANG_ENABLE_OBJC_ARC = YES;
				CLANG_ENABLE_OBJC_WEAK = YES;
				CLANG_WARN_BLOCK_CAPTURE_AUTORELEASING = YES;
				CLANG_WARN_BOOL_CONVERSION = YES;
				CLANG_WARN_COMMA = YES;
				CLANG_WARN_CONSTANT_CONVERSION = YES;
				CLANG_WARN_DEPRECATED_OBJC_IMPLEMENTATIONS = YES;
				CLANG_WARN_DIRECT_OBJC_ISA_USAGE = YES_ERROR;
				CLANG_WARN_DOCUMENTATION_COMMENTS = YES;
				CLANG_WARN_EMPTY_BODY = YES;
				CLANG_WARN_ENUM_CONVERSION = YES;
				CLANG_WARN_INFINITE_RECURSION = YES;
				CLANG_WARN_INT_CONVERSION = YES;
				CLANG_WARN_NON_LITERAL_NULL_CONVERSION = YES;
				CLANG_WARN_OBJC_IMPLICIT_RETAIN_SELF = YES;
				CLANG_WARN_OBJC_LITERAL_CONVERSION = YES;
				CLANG_WARN_OBJC_ROOT_CLASS = YES_ERROR;
				CLANG_WARN_QUOTED_INCLUDE_IN_FRAMEWORK_HEADER = YES;
				CLANG_WARN_RANGE_LOOP_ANALYSIS = YES;
				CLANG_WARN_STRICT_PROTOTYPES = YES;
				CLANG_WARN_SUSPICIOUS_MOVE = YES;
				CLANG_WARN_UNGUARDED_AVAILABILITY = YES_AGGRESSIVE;
				CLANG_WARN_UNREACHABLE_CODE = YES;
				CLANG_WARN__DUPLICATE_METHOD_MATCH = YES;
				COPY_PHASE_STRIP = NO;
				DEBUG_INFORMATION_FORMAT = "dwarf-with-dsym";
				ENABLE_NS_ASSERTIONS = NO;
				ENABLE_STRICT_OBJC_MSGSEND = YES;
				ENABLE_USER_SCRIPT_SANDBOXING = YES;
				GCC_C_LANGUAGE_STANDARD = gnu17;
				GCC_NO_COMMON_BLOCKS = YES;
				GCC_WARN_64_TO_32_BIT_CONVERSION = YES;
				GCC_WARN_ABOUT_RETURN_TYPE = YES_ERROR;
				GCC_WARN_UNDECLARED_SELECTOR = YES;
				GCC_WARN_UNINITIALIZED_AUTOS = YES_AGGRESSIVE;
				GCC_WARN_UNUSED_FUNCTION = YES;
				GCC_WARN_UNUSED_VARIABLE = YES;
				IPHONEOS_DEPLOYMENT_TARGET = 18.2;
				LOCALIZATION_PREFERS_STRING_CATALOGS = YES;
				MTL_ENABLE_DEBUG_INFO = NO;
				MTL_FAST_MATH = YES;
				SDKROOT = iphoneos;
				SWIFT_COMPILATION_MODE = wholemodule;
				VALIDATE_PRODUCT = YES;
			};
			name = Release;
		};
		36BBC3772D934B9F0010C227 /* Debug */ = {
			isa = XCBuildConfiguration;
			buildSettings = {
				ASSETCATALOG_COMPILER_APPICON_NAME = AppIcon;
				ASSETCATALOG_COMPILER_GLOBAL_ACCENT_COLOR_NAME = AccentColor;
				CODE_SIGN_STYLE = Automatic;
				CURRENT_PROJECT_VERSION = 1;
				DEVELOPMENT_ASSET_PATHS = "\"Calendar/Preview Content\"";
				ENABLE_PREVIEWS = YES;
				GENERATE_INFOPLIST_FILE = YES;
				INFOPLIST_KEY_UIApplicationSceneManifest_Generation = YES;
				INFOPLIST_KEY_UIApplicationSupportsIndirectInputEvents = YES;
				INFOPLIST_KEY_UILaunchScreen_Generation = YES;
				INFOPLIST_KEY_UISupportedInterfaceOrientations_iPad = "UIInterfaceOrientationPortrait UIInterfaceOrientationPortraitUpsideDown UIInterfaceOrientationLandscapeLeft UIInterfaceOrientationLandscapeRight";
				INFOPLIST_KEY_UISupportedInterfaceOrientations_iPhone = "UIInterfaceOrientationPortrait UIInterfaceOrientationLandscapeLeft UIInterfaceOrientationLandscapeRight";
				LD_RUNPATH_SEARCH_PATHS = (
					"$(inherited)",
					"@executable_path/Frameworks",
				);
				MARKETING_VERSION = 1.0;
				PRODUCT_BUNDLE_IDENTIFIER = dtu.jakj.Calendar;
				PRODUCT_NAME = "$(TARGET_NAME)";
				SWIFT_EMIT_LOC_STRINGS = YES;
				SWIFT_VERSION = 5.0;
				TARGETED_DEVICE_FAMILY = "1,2";
			};
			name = Debug;
		};
		36BBC3782D934B9F0010C227 /* Release */ = {
			isa = XCBuildConfiguration;
			buildSettings = {
				ASSETCATALOG_COMPILER_APPICON_NAME = AppIcon;
				ASSETCATALOG_COMPILER_GLOBAL_ACCENT_COLOR_NAME = AccentColor;
				CODE_SIGN_STYLE = Automatic;
				CURRENT_PROJECT_VERSION = 1;
				DEVELOPMENT_ASSET_PATHS = "\"Calendar/Preview Content\"";
				ENABLE_PREVIEWS = YES;
				GENERATE_INFOPLIST_FILE = YES;
				INFOPLIST_KEY_UIApplicationSceneManifest_Generation = YES;
				INFOPLIST_KEY_UIApplicationSupportsIndirectInputEvents = YES;
				INFOPLIST_KEY_UILaunchScreen_Generation = YES;
				INFOPLIST_KEY_UISupportedInterfaceOrientations_iPad = "UIInterfaceOrientationPortrait UIInterfaceOrientationPortraitUpsideDown UIInterfaceOrientationLandscapeLeft UIInterfaceOrientationLandscapeRight";
				INFOPLIST_KEY_UISupportedInterfaceOrientations_iPhone = "UIInterfaceOrientationPortrait UIInterfaceOrientationLandscapeLeft UIInterfaceOrientationLandscapeRight";
				LD_RUNPATH_SEARCH_PATHS = (
					"$(inherited)",
					"@executable_path/Frameworks",
				);
				MARKETING_VERSION = 1.0;
				PRODUCT_BUNDLE_IDENTIFIER = dtu.jakj.Calendar;
				PRODUCT_NAME = "$(TARGET_NAME)";
				SWIFT_EMIT_LOC_STRINGS = YES;
				SWIFT_VERSION = 5.0;
				TARGETED_DEVICE_FAMILY = "1,2";
			};
			name = Release;
		};
/* End XCBuildConfiguration section */

/* Begin XCConfigurationList section */
		36657CAB2DC67BC900E86A10 /* Build configuration list for PBXNativeTarget "CalendarTests" */ = {
			isa = XCConfigurationList;
			buildConfigurations = (
				36657CAC2DC67BC900E86A10 /* Debug */,
				36657CAD2DC67BC900E86A10 /* Release */,
			);
			defaultConfigurationIsVisible = 0;
			defaultConfigurationName = Release;
		};
		36657CBA2DC67C4C00E86A10 /* Build configuration list for PBXNativeTarget "CalendarUITests" */ = {
			isa = XCConfigurationList;
			buildConfigurations = (
				36657CBB2DC67C4C00E86A10 /* Debug */,
				36657CBC2DC67C4C00E86A10 /* Release */,
			);
			defaultConfigurationIsVisible = 0;
			defaultConfigurationName = Release;
		};
		36BBC35E2D934B9C0010C227 /* Build configuration list for PBXProject "Calendar" */ = {
			isa = XCConfigurationList;
			buildConfigurations = (
				36BBC3742D934B9F0010C227 /* Debug */,
				36BBC3752D934B9F0010C227 /* Release */,
			);
			defaultConfigurationIsVisible = 0;
			defaultConfigurationName = Release;
		};
		36BBC3762D934B9F0010C227 /* Build configuration list for PBXNativeTarget "Calendar" */ = {
			isa = XCConfigurationList;
			buildConfigurations = (
				36BBC3772D934B9F0010C227 /* Debug */,
				36BBC3782D934B9F0010C227 /* Release */,
			);
			defaultConfigurationIsVisible = 0;
			defaultConfigurationName = Release;
		};
/* End XCConfigurationList section */
	};
	rootObject = 36BBC35B2D934B9C0010C227 /* Project object */;
}
